
Microsoft Visual Studio Solution File, Format Version 11.00
# Visual Studio 2010
Project("{FAE04EC0-301F-11D3-BF4B-00C04F79EFBC}") = "compilerscan", "compilerscan\compilerscan.csproj", "{F6E39EB4-2CDF-4479-A61E-E1F5FB74AEB1}"
EndProject
Global
	GlobalSection(SolutionConfigurationPlatforms) = preSolution
		Debug|Any CPU = Debug|Any CPU
		Release|Any CPU = Release|Any CPU
	EndGlobalSection
	GlobalSection(ProjectConfigurationPlatforms) = postSolution
		{F6E39EB4-2CDF-4479-A61E-E1F5FB74AEB1}.Debug|Any CPU.ActiveCfg = Debug|Any CPU
		{F6E39EB4-2CDF-4479-A61E-E1F5FB74AEB1}.Debug|Any CPU.Build.0 = Debug|Any CPU
		{F6E39EB4-2CDF-4479-A61E-E1F5FB74AEB1}.Release|Any CPU.ActiveCfg = Release|Any CPU
		{F6E39EB4-2CDF-4479-A61E-E1F5FB74AEB1}.Release|Any CPU.Build.0 = Release|Any CPU
	EndGlobalSection
	GlobalSection(SolutionProperties) = preSolution
		HideSolutionNode = FALSE
	EndGlobalSection
EndGlobal
